// !$*UTF8*$!
{
	archiveVersion = 1;
	classes = {
	};
	objectVersion = 48;
	objects = {

/* Begin PBXBuildFile section */
		57B287232045CBA30011199A /* AppDelegate.swift in Sources */ = {isa = PBXBuildFile; fileRef = 57B287222045CBA30011199A /* AppDelegate.swift */; };
		57B287252045CBA30011199A /* ViewController.swift in Sources */ = {isa = PBXBuildFile; fileRef = 57B287242045CBA30011199A /* ViewController.swift */; };
		57B287282045CBA30011199A /* Main.storyboard in Resources */ = {isa = PBXBuildFile; fileRef = 57B287262045CBA30011199A /* Main.storyboard */; };
		57B2872B2045CBA30011199A /* CoreDataRelationships.xcdatamodeld in Sources */ = {isa = PBXBuildFile; fileRef = 57B287292045CBA30011199A /* CoreDataRelationships.xcdatamodeld */; };
		57B2872D2045CBA30011199A /* Assets.xcassets in Resources */ = {isa = PBXBuildFile; fileRef = 57B2872C2045CBA30011199A /* Assets.xcassets */; };
		57B287302045CBA30011199A /* LaunchScreen.storyboard in Resources */ = {isa = PBXBuildFile; fileRef = 57B2872E2045CBA30011199A /* LaunchScreen.storyboard */; };
		57B2873E2045D1BF0011199A /* Phone+CoreDataClass.swift in Sources */ = {isa = PBXBuildFile; fileRef = 57B287382045D1BF0011199A /* Phone+CoreDataClass.swift */; };
		57B2873F2045D1BF0011199A /* Phone+CoreDataProperties.swift in Sources */ = {isa = PBXBuildFile; fileRef = 57B287392045D1BF0011199A /* Phone+CoreDataProperties.swift */; };
		57B287402045D1BF0011199A /* Person+CoreDataClass.swift in Sources */ = {isa = PBXBuildFile; fileRef = 57B2873A2045D1BF0011199A /* Person+CoreDataClass.swift */; };
		57B287412045D1BF0011199A /* Person+CoreDataProperties.swift in Sources */ = {isa = PBXBuildFile; fileRef = 57B2873B2045D1BF0011199A /* Person+CoreDataProperties.swift */; };
		57B287422045D1BF0011199A /* Friends+CoreDataClass.swift in Sources */ = {isa = PBXBuildFile; fileRef = 57B2873C2045D1BF0011199A /* Friends+CoreDataClass.swift */; };
		57B287432045D1BF0011199A /* Friends+CoreDataProperties.swift in Sources */ = {isa = PBXBuildFile; fileRef = 57B2873D2045D1BF0011199A /* Friends+CoreDataProperties.swift */; };
/* End PBXBuildFile section */

/* Begin PBXFileReference section */
		57B2871F2045CBA30011199A /* CoreDataRelationships.app */ = {isa = PBXFileReference; explicitFileType = wrapper.application; includeInIndex = 0; path = CoreDataRelationships.app; sourceTree = BUILT_PRODUCTS_DIR; };
		57B287222045CBA30011199A /* AppDelegate.swift */ = {isa = PBXFileReference; lastKnownFileType = sourcecode.swift; path = AppDelegate.swift; sourceTree = "<group>"; };
		57B287242045CBA30011199A /* ViewController.swift */ = {isa = PBXFileReference; lastKnownFileType = sourcecode.swift; path = ViewController.swift; sourceTree = "<group>"; };
		57B287272045CBA30011199A /* Base */ = {isa = PBXFileReference; lastKnownFileType = file.storyboard; name = Base; path = Base.lproj/Main.storyboard; sourceTree = "<group>"; };
		57B2872A2045CBA30011199A /* CoreDataRelationships.xcdatamodel */ = {isa = PBXFileReference; lastKnownFileType = wrapper.xcdatamodel; path = CoreDataRelationships.xcdatamodel; sourceTree = "<group>"; };
		57B2872C2045CBA30011199A /* Assets.xcassets */ = {isa = PBXFileReference; lastKnownFileType = folder.assetcatalog; path = Assets.xcassets; sourceTree = "<group>"; };
		57B2872F2045CBA30011199A /* Base */ = {isa = PBXFileReference; lastKnownFileType = file.storyboard; name = Base; path = Base.lproj/LaunchScreen.storyboard; sourceTree = "<group>"; };
		57B287312045CBA30011199A /* Info.plist */ = {isa = PBXFileReference; lastKnownFileType = text.plist.xml; path = Info.plist; sourceTree = "<group>"; };
		57B287382045D1BF0011199A /* Phone+CoreDataClass.swift */ = {isa = PBXFileReference; lastKnownFileType = sourcecode.swift; path = "Phone+CoreDataClass.swift"; sourceTree = "<group>"; };
		57B287392045D1BF0011199A /* Phone+CoreDataProperties.swift */ = {isa = PBXFileReference; lastKnownFileType = sourcecode.swift; path = "Phone+CoreDataProperties.swift"; sourceTree = "<group>"; };
		57B2873A2045D1BF0011199A /* Person+CoreDataClass.swift */ = {isa = PBXFileReference; lastKnownFileType = sourcecode.swift; path = "Person+CoreDataClass.swift"; sourceTree = "<group>"; };
		57B2873B2045D1BF0011199A /* Person+CoreDataProperties.swift */ = {isa = PBXFileReference; lastKnownFileType = sourcecode.swift; path = "Person+CoreDataProperties.swift"; sourceTree = "<group>"; };
		57B2873C2045D1BF0011199A /* Friends+CoreDataClass.swift */ = {isa = PBXFileReference; lastKnownFileType = sourcecode.swift; path = "Friends+CoreDataClass.swift"; sourceTree = "<group>"; };
		57B2873D2045D1BF0011199A /* Friends+CoreDataProperties.swift */ = {isa = PBXFileReference; lastKnownFileType = sourcecode.swift; path = "Friends+CoreDataProperties.swift"; sourceTree = "<group>"; };
/* End PBXFileReference section */

/* Begin PBXFrameworksBuildPhase section */
		57B2871C2045CBA30011199A /* Frameworks */ = {
			isa = PBXFrameworksBuildPhase;
			buildActionMask = 2147483647;
			files = (
			);
			runOnlyForDeploymentPostprocessing = 0;
		};
/* End PBXFrameworksBuildPhase section */

/* Begin PBXGroup section */
		57B287162045CBA30011199A = {
			isa = PBXGroup;
			children = (
				57B287212045CBA30011199A /* CoreDataRelationships */,
				57B287202045CBA30011199A /* Products */,
			);
			sourceTree = "<group>";
		};
		57B287202045CBA30011199A /* Products */ = {
			isa = PBXGroup;
			children = (
				57B2871F2045CBA30011199A /* CoreDataRelationships.app */,
			);
			name = Products;
			sourceTree = "<group>";
		};
		57B287212045CBA30011199A /* CoreDataRelationships */ = {
			isa = PBXGroup;
			children = (
				57B287372045D1A10011199A /* CoreData */,
				57B287222045CBA30011199A /* AppDelegate.swift */,
				57B287242045CBA30011199A /* ViewController.swift */,
				57B287262045CBA30011199A /* Main.storyboard */,
				57B2872C2045CBA30011199A /* Assets.xcassets */,
				57B2872E2045CBA30011199A /* LaunchScreen.storyboard */,
				57B287312045CBA30011199A /* Info.plist */,
				57B287292045CBA30011199A /* CoreDataRelationships.xcdatamodeld */,
			);
			path = CoreDataRelationships;
			sourceTree = "<group>";
		};
		57B287372045D1A10011199A /* CoreData */ = {
			isa = PBXGroup;
			children = (
				57B287382045D1BF0011199A /* Phone+CoreDataClass.swift */,
				57B287392045D1BF0011199A /* Phone+CoreDataProperties.swift */,
				57B2873A2045D1BF0011199A /* Person+CoreDataClass.swift */,
				57B2873B2045D1BF0011199A /* Person+CoreDataProperties.swift */,
				57B2873C2045D1BF0011199A /* Friends+CoreDataClass.swift */,
				57B2873D2045D1BF0011199A /* Friends+CoreDataProperties.swift */,
			);
			path = CoreData;
			sourceTree = "<group>";
		};
/* End PBXGroup section */

/* Begin PBXNativeTarget section */
		57B2871E2045CBA30011199A /* CoreDataRelationships */ = {
			isa = PBXNativeTarget;
			buildConfigurationList = 57B287342045CBA30011199A /* Build configuration list for PBXNativeTarget "CoreDataRelationships" */;
			buildPhases = (
				57B2871B2045CBA30011199A /* Sources */,
				57B2871C2045CBA30011199A /* Frameworks */,
				57B2871D2045CBA30011199A /* Resources */,
			);
			buildRules = (
			);
			dependencies = (
			);
			name = CoreDataRelationships;
			productName = CoreDataRelationships;
			productReference = 57B2871F2045CBA30011199A /* CoreDataRelationships.app */;
			productType = "com.apple.product-type.application";
		};
/* End PBXNativeTarget section */

/* Begin PBXProject section */
		57B287172045CBA30011199A /* Project object */ = {
			isa = PBXProject;
			attributes = {
				LastSwiftUpdateCheck = 0920;
				LastUpgradeCheck = 0920;
				ORGANIZATIONNAME = "Avtar Singh";
				TargetAttributes = {
					57B2871E2045CBA30011199A = {
						CreatedOnToolsVersion = 9.2;
						ProvisioningStyle = Automatic;
					};
				};
			};
			buildConfigurationList = 57B2871A2045CBA30011199A /* Build configuration list for PBXProject "CoreDataRelationships" */;
			compatibilityVersion = "Xcode 8.0";
			developmentRegion = en;
			hasScannedForEncodings = 0;
			knownRegions = (
				en,
				Base,
			);
			mainGroup = 57B287162045CBA30011199A;
			productRefGroup = 57B287202045CBA30011199A /* Products */;
			projectDirPath = "";
			projectRoot = "";
			targets = (
				57B2871E2045CBA30011199A /* CoreDataRelationships */,
			);
		};
/* End PBXProject section */

/* Begin PBXResourcesBuildPhase section */
		57B2871D2045CBA30011199A /* Resources */ = {
			isa = PBXResourcesBuildPhase;
			buildActionMask = 2147483647;
			files = (
				57B287302045CBA30011199A /* LaunchScreen.storyboard in Resources */,
				57B2872D2045CBA30011199A /* Assets.xcassets in Resources */,
				57B287282045CBA30011199A /* Main.storyboard in Resources */,
			);
			runOnlyForDeploymentPostprocessing = 0;
		};
/* End PBXResourcesBuildPhase section */

/* Begin PBXSourcesBuildPhase section */
		57B2871B2045CBA30011199A /* Sources */ = {
			isa = PBXSourcesBuildPhase;
			buildActionMask = 2147483647;
			files = (
				57B287432045D1BF0011199A /* Friends+CoreDataProperties.swift in Sources */,
				57B287412045D1BF0011199A /* Person+CoreDataProperties.swift in Sources */,
				57B287252045CBA30011199A /* ViewController.swift in Sources */,
				57B2872B2045CBA30011199A /* CoreDataRelationships.xcdatamodeld in Sources */,
				57B287402045D1BF0011199A /* Person+CoreDataClass.swift in Sources */,
				57B2873E2045D1BF0011199A /* Phone+CoreDataClass.swift in Sources */,
				57B287422045D1BF0011199A /* Friends+CoreDataClass.swift in Sources */,
				57B2873F2045D1BF0011199A /* Phone+CoreDataProperties.swift in Sources */,
				57B287232045CBA30011199A /* AppDelegate.swift in Sources */,
			);
			runOnlyForDeploymentPostprocessing = 0;
		};
/* End PBXSourcesBuildPhase section */

/* Begin PBXVariantGroup section */
		57B287262045CBA30011199A /* Main.storyboard */ = {
			isa = PBXVariantGroup;
			children = (
				57B287272045CBA30011199A /* Base */,
			);
			name = Main.storyboard;
			sourceTree = "<group>";
		};
		57B2872E2045CBA30011199A /* LaunchScreen.storyboard */ = {
			isa = PBXVariantGroup;
			children = (
				57B2872F2045CBA30011199A /* Base */,
			);
			name = LaunchScreen.storyboard;
			sourceTree = "<group>";
		};
/* End PBXVariantGroup section */

/* Begin XCBuildConfiguration section */
		57B287322045CBA30011199A /* Debug */ = {
			isa = XCBuildConfiguration;
			buildSettings = {
				ALWAYS_SEARCH_USER_PATHS = NO;
				CLANG_ANALYZER_NONNULL = YES;
				CLANG_ANALYZER_NUMBER_OBJECT_CONVERSION = YES_AGGRESSIVE;
				CLANG_CXX_LANGUAGE_STANDARD = "gnu++14";
				CLANG_CXX_LIBRARY = "libc++";
				CLANG_ENABLE_MODULES = YES;
				CLANG_ENABLE_OBJC_ARC = YES;
				CLANG_WARN_BLOCK_CAPTURE_AUTORELEASING = YES;
				CLANG_WARN_BOOL_CONVERSION = YES;
				CLANG_WARN_COMMA = YES;
				CLANG_WARN_CONSTANT_CONVERSION = YES;
				CLANG_WARN_DIRECT_OBJC_ISA_USAGE = YES_ERROR;
				CLANG_WARN_DOCUMENTATION_COMMENTS = YES;
				CLANG_WARN_EMPTY_BODY = YES;
				CLANG_WARN_ENUM_CONVERSION = YES;
				CLANG_WARN_INFINITE_RECURSION = YES;
				CLANG_WARN_INT_CONVERSION = YES;
				CLANG_WARN_NON_LITERAL_NULL_CONVERSION = YES;
				CLANG_WARN_OBJC_LITERAL_CONVERSION = YES;
				CLANG_WARN_OBJC_ROOT_CLASS = YES_ERROR;
				CLANG_WARN_RANGE_LOOP_ANALYSIS = YES;
				CLANG_WARN_STRICT_PROTOTYPES = YES;
				CLANG_WARN_SUSPICIOUS_MOVE = YES;
				CLANG_WARN_UNGUARDED_AVAILABILITY = YES_AGGRESSIVE;
				CLANG_WARN_UNREACHABLE_CODE = YES;
				CLANG_WARN__DUPLICATE_METHOD_MATCH = YES;
				CODE_SIGN_IDENTITY = "iPhone Developer";
				COPY_PHASE_STRIP = NO;
				DEBUG_INFORMATION_FORMAT = dwarf;
				ENABLE_STRICT_OBJC_MSGSEND = YES;
				ENABLE_TESTABILITY = YES;
				GCC_C_LANGUAGE_STANDARD = gnu11;
				GCC_DYNAMIC_NO_PIC = NO;
				GCC_NO_COMMON_BLOCKS = YES;
				GCC_OPTIMIZATION_LEVEL = 0;
				GCC_PREPROCESSOR_DEFINITIONS = (
					"DEBUG=1",
					"$(inherited)",
				);
				GCC_WARN_64_TO_32_BIT_CONVERSION = YES;
				GCC_WARN_ABOUT_RETURN_TYPE = YES_ERROR;
				GCC_WARN_UNDECLARED_SELECTOR = YES;
				GCC_WARN_UNINITIALIZED_AUTOS = YES_AGGRESSIVE;
				GCC_WARN_UNUSED_FUNCTION = YES;
				GCC_WARN_UNUSED_VARIABLE = YES;
				IPHONEOS_DEPLOYMENT_TARGET = 11.2;
				MTL_ENABLE_DEBUG_INFO = YES;
				ONLY_ACTIVE_ARCH = YES;
				SDKROOT = iphoneos;
				SWIFT_ACTIVE_COMPILATION_CONDITIONS = DEBUG;
				SWIFT_OPTIMIZATION_LEVEL = "-Onone";
			};
			name = Debug;
		};
		57B287332045CBA30011199A /* Release */ = {
			isa = XCBuildConfiguration;
			buildSettings = {
				ALWAYS_SEARCH_USER_PATHS = NO;
				CLANG_ANALYZER_NONNULL = YES;
				CLANG_ANALYZER_NUMBER_OBJECT_CONVERSION = YES_AGGRESSIVE;
				CLANG_CXX_LANGUAGE_STANDARD = "gnu++14";
				CLANG_CXX_LIBRARY = "libc++";
				CLANG_ENABLE_MODULES = YES;
				CLANG_ENABLE_OBJC_ARC = YES;
				CLANG_WARN_BLOCK_CAPTURE_AUTORELEASING = YES;
				CLANG_WARN_BOOL_CONVERSION = YES;
				CLANG_WARN_COMMA = YES;
				CLANG_WARN_CONSTANT_CONVERSION = YES;
				CLANG_WARN_DIRECT_OBJC_ISA_USAGE = YES_ERROR;
				CLANG_WARN_DOCUMENTATION_COMMENTS = YES;
				CLANG_WARN_EMPTY_BODY = YES;
				CLANG_WARN_ENUM_CONVERSION = YES;
				CLANG_WARN_INFINITE_RECURSION = YES;
				CLANG_WARN_INT_CONVERSION = YES;
				CLANG_WARN_NON_LITERAL_NULL_CONVERSION = YES;
				CLANG_WARN_OBJC_LITERAL_CONVERSION = YES;
				CLANG_WARN_OBJC_ROOT_CLASS = YES_ERROR;
				CLANG_WARN_RANGE_LOOP_ANALYSIS = YES;
				CLANG_WARN_STRICT_PROTOTYPES = YES;
				CLANG_WARN_SUSPICIOUS_MOVE = YES;
				CLANG_WARN_UNGUARDED_AVAILABILITY = YES_AGGRESSIVE;
				CLANG_WARN_UNREACHABLE_CODE = YES;
				CLANG_WARN__DUPLICATE_METHOD_MATCH = YES;
				CODE_SIGN_IDENTITY = "iPhone Developer";
				COPY_PHASE_STRIP = NO;
				DEBUG_INFORMATION_FORMAT = "dwarf-with-dsym";
				ENABLE_NS_ASSERTIONS = NO;
				ENABLE_STRICT_OBJC_MSGSEND = YES;
				GCC_C_LANGUAGE_STANDARD = gnu11;
				GCC_NO_COMMON_BLOCKS = YES;
				GCC_WARN_64_TO_32_BIT_CONVERSION = YES;
				GCC_WARN_ABOUT_RETURN_TYPE = YES_ERROR;
				GCC_WARN_UNDECLARED_SELECTOR = YES;
				GCC_WARN_UNINITIALIZED_AUTOS = YES_AGGRESSIVE;
				GCC_WARN_UNUSED_FUNCTION = YES;
				GCC_WARN_UNUSED_VARIABLE = YES;
				IPHONEOS_DEPLOYMENT_TARGET = 11.2;
				MTL_ENABLE_DEBUG_INFO = NO;
				SDKROOT = iphoneos;
				SWIFT_OPTIMIZATION_LEVEL = "-Owholemodule";
				VALIDATE_PRODUCT = YES;
			};
			name = Release;
		};
		57B287352045CBA30011199A /* Debug */ = {
			isa = XCBuildConfiguration;
			buildSettings = {
				ASSETCATALOG_COMPILER_APPICON_NAME = AppIcon;
				CODE_SIGN_STYLE = Automatic;
				DEVELOPMENT_TEAM = X7DT3RL9W7;
				INFOPLIST_FILE = CoreDataRelationships/Info.plist;
				LD_RUNPATH_SEARCH_PATHS = "$(inherited) @executable_path/Frameworks";
				PRODUCT_BUNDLE_IDENTIFIER = HBDevelopers.CoreDataRelationships;
				PRODUCT_NAME = "$(TARGET_NAME)";
				SWIFT_VERSION = 4.0;
				TARGETED_DEVICE_FAMILY = "1,2";
			};
			name = Debug;
		};
		57B287362045CBA30011199A /* Release */ = {
			isa = XCBuildConfiguration;
			buildSettings = {
				ASSETCATALOG_COMPILER_APPICON_NAME = AppIcon;
				CODE_SIGN_STYLE = Automatic;
				DEVELOPMENT_TEAM = X7DT3RL9W7;
				INFOPLIST_FILE = CoreDataRelationships/Info.plist;
				LD_RUNPATH_SEARCH_PATHS = "$(inherited) @executable_path/Frameworks";
				PRODUCT_BUNDLE_IDENTIFIER = HBDevelopers.CoreDataRelationships;
				PRODUCT_NAME = "$(TARGET_NAME)";
				SWIFT_VERSION = 4.0;
				TARGETED_DEVICE_FAMILY = "1,2";
			};
			name = Release;
		};
/* End XCBuildConfiguration section */

/* Begin XCConfigurationList section */
		57B2871A2045CBA30011199A /* Build configuration list for PBXProject "CoreDataRelationships" */ = {
			isa = XCConfigurationList;
			buildConfigurations = (
				57B287322045CBA30011199A /* Debug */,
				57B287332045CBA30011199A /* Release */,
			);
			defaultConfigurationIsVisible = 0;
			defaultConfigurationName = Release;
		};
		57B287342045CBA30011199A /* Build configuration list for PBXNativeTarget "CoreDataRelationships" */ = {
			isa = XCConfigurationList;
			buildConfigurations = (
				57B287352045CBA30011199A /* Debug */,
				57B287362045CBA30011199A /* Release */,
			);
			defaultConfigurationIsVisible = 0;
			defaultConfigurationName = Release;
		};
/* End XCConfigurationList section */

/* Begin XCVersionGroup section */
		57B287292045CBA30011199A /* CoreDataRelationships.xcdatamodeld */ = {
			isa = XCVersionGroup;
			children = (
				57B2872A2045CBA30011199A /* CoreDataRelationships.xcdatamodel */,
			);
			currentVersion = 57B2872A2045CBA30011199A /* CoreDataRelationships.xcdatamodel */;
			path = CoreDataRelationships.xcdatamodeld;
			sourceTree = "<group>";
			versionGroupType = wrapper.xcdatamodel;
		};
/* End XCVersionGroup section */
	};
	rootObject = 57B287172045CBA30011199A /* Project object */;
}
